{
  "version": 4,
  "terraform_version": "1.7.5",
  "serial": 81,
  "lineage": "f2dabbb5-a198-3945-6f78-76e1e739a824",
  "outputs": {},
  "resources": [
    {
      "mode": "managed",
      "type": "google_compute_firewall",
      "name": "allow_besu",
      "provider": "provider[\"registry.terraform.io/hashicorp/google\"]",
      "instances": [
        {
          "schema_version": 1,
          "attributes": {
            "allow": [
              {
                "ports": [
                  "30303",
                  "8545",
                  "8546",
                  "80",
                  "8080",
                  "9545",
                  "9546"
                ],
                "protocol": "tcp"
              }
            ],
            "creation_timestamp": "2024-03-28T11:13:05.672-07:00",
            "deny": [],
            "description": "",
            "destination_ranges": [],
            "direction": "INGRESS",
            "disabled": false,
            "enable_logging": null,
            "id": "projects/caliperbesu-417220/global/firewalls/allow-besu",
            "log_config": [],
            "name": "allow-besu",
            "network": "https://www.googleapis.com/compute/v1/projects/caliperbesu-417220/global/networks/main",
            "priority": 1000,
            "project": "caliperbesu-417220",
            "self_link": "https://www.googleapis.com/compute/v1/projects/caliperbesu-417220/global/firewalls/allow-besu",
            "source_ranges": [
              "0.0.0.0/0"
            ],
            "source_service_accounts": null,
            "source_tags": null,
            "target_service_accounts": null,
            "target_tags": [
              "blockchain"
            ],
            "timeouts": null
          },
          "sensitive_attributes": [],
          "private": "eyJlMmJmYjczMC1lY2FhLTExZTYtOGY4OC0zNDM2M2JjN2M0YzAiOnsiY3JlYXRlIjoxMjAwMDAwMDAwMDAwLCJkZWxldGUiOjEyMDAwMDAwMDAwMDAsInVwZGF0ZSI6MTIwMDAwMDAwMDAwMH0sInNjaGVtYV92ZXJzaW9uIjoiMSJ9"
        }
      ]
    },
    {
      "mode": "managed",
      "type": "google_compute_firewall",
      "name": "allow_besu_udp",
      "provider": "provider[\"registry.terraform.io/hashicorp/google\"]",
      "instances": [
        {
          "schema_version": 1,
          "attributes": {
            "allow": [
              {
                "ports": [
                  "30303",
                  "8545",
                  "8546",
                  "80",
                  "8080",
                  "9545",
                  "9546"
                ],
                "protocol": "udp"
              }
            ],
            "creation_timestamp": "2024-03-28T11:13:05.457-07:00",
            "deny": [],
            "description": "",
            "destination_ranges": [],
            "direction": "INGRESS",
            "disabled": false,
            "enable_logging": null,
            "id": "projects/caliperbesu-417220/global/firewalls/allow-besu-udp",
            "log_config": [],
            "name": "allow-besu-udp",
            "network": "https://www.googleapis.com/compute/v1/projects/caliperbesu-417220/global/networks/main",
            "priority": 1000,
            "project": "caliperbesu-417220",
            "self_link": "https://www.googleapis.com/compute/v1/projects/caliperbesu-417220/global/firewalls/allow-besu-udp",
            "source_ranges": [
              "0.0.0.0/0"
            ],
            "source_service_accounts": null,
            "source_tags": null,
            "target_service_accounts": null,
            "target_tags": null,
            "timeouts": null
          },
          "sensitive_attributes": [],
          "private": "eyJlMmJmYjczMC1lY2FhLTExZTYtOGY4OC0zNDM2M2JjN2M0YzAiOnsiY3JlYXRlIjoxMjAwMDAwMDAwMDAwLCJkZWxldGUiOjEyMDAwMDAwMDAwMDAsInVwZGF0ZSI6MTIwMDAwMDAwMDAwMH0sInNjaGVtYV92ZXJzaW9uIjoiMSJ9"
        }
      ]
    }
  ],
  "check_results": null
}
